
Microsoft Visual Studio Solution File, Format Version 12.00
# Visual Studio Version 17
VisualStudioVersion = 17.1.32228.430
MinimumVisualStudioVersion = 10.0.40219.1
Project("{FAE04EC0-301F-11D3-BF4B-00C04F79EFBC}") = "mvcdemo", "mvcdemo\mvcdemo.csproj", "{0E4206DB-4C8B-4969-93C1-219F5823BC42}"
EndProject
Global
	GlobalSection(SolutionConfigurationPlatforms) = preSolution
		Debug|Any CPU = Debug|Any CPU
		Release|Any CPU = Release|Any CPU
	EndGlobalSection
	GlobalSection(ProjectConfigurationPlatforms) = postSolution
		{0E4206DB-4C8B-4969-93C1-219F5823BC42}.Debug|Any CPU.ActiveCfg = Debug|Any CPU
		{0E4206DB-4C8B-4969-93C1-219F5823BC42}.Debug|Any CPU.Build.0 = Debug|Any CPU
		{0E4206DB-4C8B-4969-93C1-219F5823BC42}.Release|Any CPU.ActiveCfg = Release|Any CPU
		{0E4206DB-4C8B-4969-93C1-219F5823BC42}.Release|Any CPU.Build.0 = Release|Any CPU
	EndGlobalSection
	GlobalSection(SolutionProperties) = preSolution
		HideSolutionNode = FALSE
	EndGlobalSection
	GlobalSection(ExtensibilityGlobals) = postSolution
		SolutionGuid = {8A7298E0-8C1D-4F6F-9D73-ECE0DC253B8B}
	EndGlobalSection
EndGlobal
