
Microsoft Visual Studio Solution File, Format Version 12.00
# Visual Studio Version 17
VisualStudioVersion = 17.1.32228.430
MinimumVisualStudioVersion = 10.0.40219.1
Project("{FAE04EC0-301F-11D3-BF4B-00C04F79EFBC}") = "Mvcproject", "Mvcproject\Mvcproject.csproj", "{EA2997F9-6D49-46BE-927A-82EB2337208A}"
EndProject
Global
	GlobalSection(SolutionConfigurationPlatforms) = preSolution
		Debug|Any CPU = Debug|Any CPU
		Release|Any CPU = Release|Any CPU
	EndGlobalSection
	GlobalSection(ProjectConfigurationPlatforms) = postSolution
		{EA2997F9-6D49-46BE-927A-82EB2337208A}.Debug|Any CPU.ActiveCfg = Debug|Any CPU
		{EA2997F9-6D49-46BE-927A-82EB2337208A}.Debug|Any CPU.Build.0 = Debug|Any CPU
		{EA2997F9-6D49-46BE-927A-82EB2337208A}.Release|Any CPU.ActiveCfg = Release|Any CPU
		{EA2997F9-6D49-46BE-927A-82EB2337208A}.Release|Any CPU.Build.0 = Release|Any CPU
	EndGlobalSection
	GlobalSection(SolutionProperties) = preSolution
		HideSolutionNode = FALSE
	EndGlobalSection
	GlobalSection(ExtensibilityGlobals) = postSolution
		SolutionGuid = {38D7818A-3137-498A-8AAF-C3E0F0DC3A58}
	EndGlobalSection
EndGlobal
